
Microsoft Visual Studio Solution File, Format Version 12.00
# Visual Studio 15
VisualStudioVersion = 15.0.28010.2003
MinimumVisualStudioVersion = 10.0.40219.1
Project("{9A19103F-16F7-4668-BE54-9A1E7A4F7556}") = "BusinessTours", "BusinessTours\BusinessTours.csproj", "{B3C51764-E01F-4BC1-A0A6-9DDAFD088C2F}"
EndProject
Project("{9A19103F-16F7-4668-BE54-9A1E7A4F7556}") = "Test", "Test\Test.csproj", "{BC1EC112-E2F6-4154-A807-98232D9676DA}"
EndProject
Global
	GlobalSection(SolutionConfigurationPlatforms) = preSolution
		Debug|Any CPU = Debug|Any CPU
		Debug|x64 = Debug|x64
		Release|Any CPU = Release|Any CPU
		Release|x64 = Release|x64
	EndGlobalSection
	GlobalSection(ProjectConfigurationPlatforms) = postSolution
		{B3C51764-E01F-4BC1-A0A6-9DDAFD088C2F}.Debug|Any CPU.ActiveCfg = Debug|Any CPU
		{B3C51764-E01F-4BC1-A0A6-9DDAFD088C2F}.Debug|Any CPU.Build.0 = Debug|Any CPU
		{B3C51764-E01F-4BC1-A0A6-9DDAFD088C2F}.Debug|x64.ActiveCfg = Debug|Any CPU
		{B3C51764-E01F-4BC1-A0A6-9DDAFD088C2F}.Debug|x64.Build.0 = Debug|Any CPU
		{B3C51764-E01F-4BC1-A0A6-9DDAFD088C2F}.Release|Any CPU.ActiveCfg = Release|Any CPU
		{B3C51764-E01F-4BC1-A0A6-9DDAFD088C2F}.Release|Any CPU.Build.0 = Release|Any CPU
		{B3C51764-E01F-4BC1-A0A6-9DDAFD088C2F}.Release|x64.ActiveCfg = Release|Any CPU
		{B3C51764-E01F-4BC1-A0A6-9DDAFD088C2F}.Release|x64.Build.0 = Release|Any CPU
		{BC1EC112-E2F6-4154-A807-98232D9676DA}.Debug|Any CPU.ActiveCfg = Debug|Any CPU
		{BC1EC112-E2F6-4154-A807-98232D9676DA}.Debug|Any CPU.Build.0 = Debug|Any CPU
		{BC1EC112-E2F6-4154-A807-98232D9676DA}.Debug|x64.ActiveCfg = Debug|Any CPU
		{BC1EC112-E2F6-4154-A807-98232D9676DA}.Debug|x64.Build.0 = Debug|Any CPU
		{BC1EC112-E2F6-4154-A807-98232D9676DA}.Release|Any CPU.ActiveCfg = Release|Any CPU
		{BC1EC112-E2F6-4154-A807-98232D9676DA}.Release|Any CPU.Build.0 = Release|Any CPU
		{BC1EC112-E2F6-4154-A807-98232D9676DA}.Release|x64.ActiveCfg = Release|Any CPU
		{BC1EC112-E2F6-4154-A807-98232D9676DA}.Release|x64.Build.0 = Release|Any CPU
	EndGlobalSection
	GlobalSection(SolutionProperties) = preSolution
		HideSolutionNode = FALSE
	EndGlobalSection
	GlobalSection(ExtensibilityGlobals) = postSolution
		SolutionGuid = {C81B8264-9145-4F12-A48D-EDEADCC19FCA}
	EndGlobalSection
EndGlobal
